// !$*UTF8*$!
{
	archiveVersion = 1;
	classes = {
	};
	objectVersion = 46;
	objects = {

/* Begin PBXBuildFile section */
		9C1ABF0F149E7E8800C27914 /* UIKit.framework in Frameworks */ = {isa = PBXBuildFile; fileRef = 9C1ABF0E149E7E8800C27914 /* UIKit.framework */; };
		9C1ABF11149E7E8800C27914 /* Foundation.framework in Frameworks */ = {isa = PBXBuildFile; fileRef = 9C1ABF10149E7E8800C27914 /* Foundation.framework */; };
		9C1ABF13149E7E8800C27914 /* CoreGraphics.framework in Frameworks */ = {isa = PBXBuildFile; fileRef = 9C1ABF12149E7E8800C27914 /* CoreGraphics.framework */; };
		9C1ABF19149E7E8800C27914 /* InfoPlist.strings in Resources */ = {isa = PBXBuildFile; fileRef = 9C1ABF17149E7E8800C27914 /* InfoPlist.strings */; };
		9C1ABF1B149E7E8800C27914 /* main.m in Sources */ = {isa = PBXBuildFile; fileRef = 9C1ABF1A149E7E8800C27914 /* main.m */; };
		9C1ABF1F149E7E8800C27914 /* com_robertdiamondAppDelegate.m in Sources */ = {isa = PBXBuildFile; fileRef = 9C1ABF1E149E7E8800C27914 /* com_robertdiamondAppDelegate.m */; };
		9C1ABF22149E7E8800C27914 /* com_robertdiamondViewController.m in Sources */ = {isa = PBXBuildFile; fileRef = 9C1ABF21149E7E8800C27914 /* com_robertdiamondViewController.m */; };
		9C1ABF25149E7E8800C27914 /* com_robertdiamondViewController.xib in Resources */ = {isa = PBXBuildFile; fileRef = 9C1ABF23149E7E8800C27914 /* com_robertdiamondViewController.xib */; };
/* End PBXBuildFile section */

/* Begin PBXFileReference section */
		9C1ABF0A149E7E8700C27914 /* form_example.app */ = {isa = PBXFileReference; explicitFileType = wrapper.application; includeInIndex = 0; path = form_example.app; sourceTree = BUILT_PRODUCTS_DIR; };
		9C1ABF0E149E7E8800C27914 /* UIKit.framework */ = {isa = PBXFileReference; lastKnownFileType = wrapper.framework; name = UIKit.framework; path = System/Library/Frameworks/UIKit.framework; sourceTree = SDKROOT; };
		9C1ABF10149E7E8800C27914 /* Foundation.framework */ = {isa = PBXFileReference; lastKnownFileType = wrapper.framework; name = Foundation.framework; path = System/Library/Frameworks/Foundation.framework; sourceTree = SDKROOT; };
		9C1ABF12149E7E8800C27914 /* CoreGraphics.framework */ = {isa = PBXFileReference; lastKnownFileType = wrapper.framework; name = CoreGraphics.framework; path = System/Library/Frameworks/CoreGraphics.framework; sourceTree = SDKROOT; };
		9C1ABF16149E7E8800C27914 /* form_example-Info.plist */ = {isa = PBXFileReference; lastKnownFileType = text.plist.xml; path = "form_example-Info.plist"; sourceTree = "<group>"; };
		9C1ABF18149E7E8800C27914 /* en */ = {isa = PBXFileReference; lastKnownFileType = text.plist.strings; name = en; path = en.lproj/InfoPlist.strings; sourceTree = "<group>"; };
		9C1ABF1A149E7E8800C27914 /* main.m */ = {isa = PBXFileReference; lastKnownFileType = sourcecode.c.objc; path = main.m; sourceTree = "<group>"; };
		9C1ABF1C149E7E8800C27914 /* form_example-Prefix.pch */ = {isa = PBXFileReference; lastKnownFileType = sourcecode.c.h; path = "form_example-Prefix.pch"; sourceTree = "<group>"; };
		9C1ABF1D149E7E8800C27914 /* com_robertdiamondAppDelegate.h */ = {isa = PBXFileReference; lastKnownFileType = sourcecode.c.h; path = com_robertdiamondAppDelegate.h; sourceTree = "<group>"; };
		9C1ABF1E149E7E8800C27914 /* com_robertdiamondAppDelegate.m */ = {isa = PBXFileReference; lastKnownFileType = sourcecode.c.objc; path = com_robertdiamondAppDelegate.m; sourceTree = "<group>"; };
		9C1ABF20149E7E8800C27914 /* com_robertdiamondViewController.h */ = {isa = PBXFileReference; lastKnownFileType = sourcecode.c.h; path = com_robertdiamondViewController.h; sourceTree = "<group>"; };
		9C1ABF21149E7E8800C27914 /* com_robertdiamondViewController.m */ = {isa = PBXFileReference; lastKnownFileType = sourcecode.c.objc; path = com_robertdiamondViewController.m; sourceTree = "<group>"; };
		9C1ABF24149E7E8800C27914 /* en */ = {isa = PBXFileReference; lastKnownFileType = file.xib; name = en; path = en.lproj/com_robertdiamondViewController.xib; sourceTree = "<group>"; };
/* End PBXFileReference section */

/* Begin PBXFrameworksBuildPhase section */
		9C1ABF07149E7E8700C27914 /* Frameworks */ = {
			isa = PBXFrameworksBuildPhase;
			buildActionMask = 2147483647;
			files = (
				9C1ABF0F149E7E8800C27914 /* UIKit.framework in Frameworks */,
				9C1ABF11149E7E8800C27914 /* Foundation.framework in Frameworks */,
				9C1ABF13149E7E8800C27914 /* CoreGraphics.framework in Frameworks */,
			);
			runOnlyForDeploymentPostprocessing = 0;
		};
/* End PBXFrameworksBuildPhase section */

/* Begin PBXGroup section */
		9C1ABEFF149E7E8700C27914 = {
			isa = PBXGroup;
			children = (
				9C1ABF14149E7E8800C27914 /* form_example */,
				9C1ABF0D149E7E8800C27914 /* Frameworks */,
				9C1ABF0B149E7E8700C27914 /* Products */,
			);
			sourceTree = "<group>";
		};
		9C1ABF0B149E7E8700C27914 /* Products */ = {
			isa = PBXGroup;
			children = (
				9C1ABF0A149E7E8700C27914 /* form_example.app */,
			);
			name = Products;
			sourceTree = "<group>";
		};
		9C1ABF0D149E7E8800C27914 /* Frameworks */ = {
			isa = PBXGroup;
			children = (
				9C1ABF0E149E7E8800C27914 /* UIKit.framework */,
				9C1ABF10149E7E8800C27914 /* Foundation.framework */,
				9C1ABF12149E7E8800C27914 /* CoreGraphics.framework */,
			);
			name = Frameworks;
			sourceTree = "<group>";
		};
		9C1ABF14149E7E8800C27914 /* form_example */ = {
			isa = PBXGroup;
			children = (
				9C1ABF1D149E7E8800C27914 /* com_robertdiamondAppDelegate.h */,
				9C1ABF1E149E7E8800C27914 /* com_robertdiamondAppDelegate.m */,
				9C1ABF20149E7E8800C27914 /* com_robertdiamondViewController.h */,
				9C1ABF21149E7E8800C27914 /* com_robertdiamondViewController.m */,
				9C1ABF23149E7E8800C27914 /* com_robertdiamondViewController.xib */,
				9C1ABF15149E7E8800C27914 /* Supporting Files */,
			);
			path = form_example;
			sourceTree = "<group>";
		};
		9C1ABF15149E7E8800C27914 /* Supporting Files */ = {
			isa = PBXGroup;
			children = (
				9C1ABF16149E7E8800C27914 /* form_example-Info.plist */,
				9C1ABF17149E7E8800C27914 /* InfoPlist.strings */,
				9C1ABF1A149E7E8800C27914 /* main.m */,
				9C1ABF1C149E7E8800C27914 /* form_example-Prefix.pch */,
			);
			name = "Supporting Files";
			sourceTree = "<group>";
		};
/* End PBXGroup section */

/* Begin PBXNativeTarget section */
		9C1ABF09149E7E8700C27914 /* form_example */ = {
			isa = PBXNativeTarget;
			buildConfigurationList = 9C1ABF28149E7E8800C27914 /* Build configuration list for PBXNativeTarget "form_example" */;
			buildPhases = (
				9C1ABF06149E7E8700C27914 /* Sources */,
				9C1ABF07149E7E8700C27914 /* Frameworks */,
				9C1ABF08149E7E8700C27914 /* Resources */,
			);
			buildRules = (
			);
			dependencies = (
			);
			name = form_example;
			productName = form_example;
			productReference = 9C1ABF0A149E7E8700C27914 /* form_example.app */;
			productType = "com.apple.product-type.application";
		};
/* End PBXNativeTarget section */

/* Begin PBXProject section */
		9C1ABF01149E7E8700C27914 /* Project object */ = {
			isa = PBXProject;
			attributes = {
				LastUpgradeCheck = 0420;
			};
			buildConfigurationList = 9C1ABF04149E7E8700C27914 /* Build configuration list for PBXProject "form_example" */;
			compatibilityVersion = "Xcode 3.2";
			developmentRegion = English;
			hasScannedForEncodings = 0;
			knownRegions = (
				en,
			);
			mainGroup = 9C1ABEFF149E7E8700C27914;
			productRefGroup = 9C1ABF0B149E7E8700C27914 /* Products */;
			projectDirPath = "";
			projectRoot = "";
			targets = (
				9C1ABF09149E7E8700C27914 /* form_example */,
			);
		};
/* End PBXProject section */

/* Begin PBXResourcesBuildPhase section */
		9C1ABF08149E7E8700C27914 /* Resources */ = {
			isa = PBXResourcesBuildPhase;
			buildActionMask = 2147483647;
			files = (
				9C1ABF19149E7E8800C27914 /* InfoPlist.strings in Resources */,
				9C1ABF25149E7E8800C27914 /* com_robertdiamondViewController.xib in Resources */,
			);
			runOnlyForDeploymentPostprocessing = 0;
		};
/* End PBXResourcesBuildPhase section */

/* Begin PBXSourcesBuildPhase section */
		9C1ABF06149E7E8700C27914 /* Sources */ = {
			isa = PBXSourcesBuildPhase;
			buildActionMask = 2147483647;
			files = (
				9C1ABF1B149E7E8800C27914 /* main.m in Sources */,
				9C1ABF1F149E7E8800C27914 /* com_robertdiamondAppDelegate.m in Sources */,
				9C1ABF22149E7E8800C27914 /* com_robertdiamondViewController.m in Sources */,
			);
			runOnlyForDeploymentPostprocessing = 0;
		};
/* End PBXSourcesBuildPhase section */

/* Begin PBXVariantGroup section */
		9C1ABF17149E7E8800C27914 /* InfoPlist.strings */ = {
			isa = PBXVariantGroup;
			children = (
				9C1ABF18149E7E8800C27914 /* en */,
			);
			name = InfoPlist.strings;
			sourceTree = "<group>";
		};
		9C1ABF23149E7E8800C27914 /* com_robertdiamondViewController.xib */ = {
			isa = PBXVariantGroup;
			children = (
				9C1ABF24149E7E8800C27914 /* en */,
			);
			name = com_robertdiamondViewController.xib;
			sourceTree = "<group>";
		};
/* End PBXVariantGroup section */

/* Begin XCBuildConfiguration section */
		9C1ABF26149E7E8800C27914 /* Debug */ = {
			isa = XCBuildConfiguration;
			buildSettings = {
				ALWAYS_SEARCH_USER_PATHS = NO;
				ARCHS = "$(ARCHS_STANDARD_32_BIT)";
				"CODE_SIGN_IDENTITY[sdk=iphoneos*]" = "iPhone Developer";
				COPY_PHASE_STRIP = NO;
				GCC_C_LANGUAGE_STANDARD = gnu99;
				GCC_DYNAMIC_NO_PIC = NO;
				GCC_OPTIMIZATION_LEVEL = 0;
				GCC_PREPROCESSOR_DEFINITIONS = (
					"DEBUG=1",
					"$(inherited)",
				);
				GCC_SYMBOLS_PRIVATE_EXTERN = NO;
				GCC_VERSION = com.apple.compilers.llvm.clang.1_0;
				GCC_WARN_ABOUT_MISSING_PROTOTYPES = YES;
				GCC_WARN_ABOUT_RETURN_TYPE = YES;
				GCC_WARN_UNUSED_VARIABLE = YES;
				IPHONEOS_DEPLOYMENT_TARGET = 5.0;
				SDKROOT = iphoneos;
			};
			name = Debug;
		};
		9C1ABF27149E7E8800C27914 /* Release */ = {
			isa = XCBuildConfiguration;
			buildSettings = {
				ALWAYS_SEARCH_USER_PATHS = NO;
				ARCHS = "$(ARCHS_STANDARD_32_BIT)";
				"CODE_SIGN_IDENTITY[sdk=iphoneos*]" = "iPhone Developer";
				COPY_PHASE_STRIP = YES;
				GCC_C_LANGUAGE_STANDARD = gnu99;
				GCC_VERSION = com.apple.compilers.llvm.clang.1_0;
				GCC_WARN_ABOUT_MISSING_PROTOTYPES = YES;
				GCC_WARN_ABOUT_RETURN_TYPE = YES;
				GCC_WARN_UNUSED_VARIABLE = YES;
				IPHONEOS_DEPLOYMENT_TARGET = 5.0;
				OTHER_CFLAGS = "-DNS_BLOCK_ASSERTIONS=1";
				SDKROOT = iphoneos;
				VALIDATE_PRODUCT = YES;
			};
			name = Release;
		};
		9C1ABF29149E7E8800C27914 /* Debug */ = {
			isa = XCBuildConfiguration;
			buildSettings = {
				GCC_PRECOMPILE_PREFIX_HEADER = YES;
				GCC_PREFIX_HEADER = "form_example/form_example-Prefix.pch";
				INFOPLIST_FILE = "form_example/form_example-Info.plist";
				PRODUCT_NAME = "$(TARGET_NAME)";
				WRAPPER_EXTENSION = app;
			};
			name = Debug;
		};
		9C1ABF2A149E7E8800C27914 /* Release */ = {
			isa = XCBuildConfiguration;
			buildSettings = {
				GCC_PRECOMPILE_PREFIX_HEADER = YES;
				GCC_PREFIX_HEADER = "form_example/form_example-Prefix.pch";
				INFOPLIST_FILE = "form_example/form_example-Info.plist";
				PRODUCT_NAME = "$(TARGET_NAME)";
				WRAPPER_EXTENSION = app;
			};
			name = Release;
		};
/* End XCBuildConfiguration section */

/* Begin XCConfigurationList section */
		9C1ABF04149E7E8700C27914 /* Build configuration list for PBXProject "form_example" */ = {
			isa = XCConfigurationList;
			buildConfigurations = (
				9C1ABF26149E7E8800C27914 /* Debug */,
				9C1ABF27149E7E8800C27914 /* Release */,
			);
			defaultConfigurationIsVisible = 0;
			defaultConfigurationName = Release;
		};
		9C1ABF28149E7E8800C27914 /* Build configuration list for PBXNativeTarget "form_example" */ = {
			isa = XCConfigurationList;
			buildConfigurations = (
				9C1ABF29149E7E8800C27914 /* Debug */,
				9C1ABF2A149E7E8800C27914 /* Release */,
			);
			defaultConfigurationIsVisible = 0;
		};
/* End XCConfigurationList section */
	};
	rootObject = 9C1ABF01149E7E8700C27914 /* Project object */;
}
